github.com/alecthomas/assert/v2 v2.11.0 h1:2Q9r3ki8+JYXvGsDyBXwH3LcJ+WK5D0gc5E8vS6K3D0=
github.com/alecthomas/assert/v2 v2.11.0/go.mod h1:Bze95FyfUr7x34QZrjL+XP+0qgp/zg8yS+TtBj1WA3k=
github.com/alecthomas/kong v1.14.0 h1:gFgEUZWu2ZmZ+UhyZ1bDhuutbKN1nTtJTwh19Wsn21s=
github.com/alecthomas/kong v1.14.0/go.mod h1:wrlbXem1CWqUV5Vbmss5ISYhsVPkBb1Yo7YKJghju2I=
github.com/alecthomas/repr v0.5.2 h1:SU73FTI9D1P5UNtvseffFSGmdNci/O6RsqzeXJtP0Qs=
github.com/alecthomas/repr v0.5.2/go.mod h1:Fr0507jx4eOXV7AlPV6AVZLYrLIuIeSOWtW57eE/O/4=
github.com/hexops/gotextdiff v1.0.3 h1:gitA9+qJrrTCsiCl7+kh75nPqQt1cx4ZkudSTLoUqJM=
github.com/hexops/gotextdiff v1.0.3/go.mod h1:pSWU5MAI3yDq+fZBTazCSJysOMbxWL1BSow5/V2vxeg=
github.com/lmittmann/tint v1.1.3 h1:Hv4EaHWXQr+GTFnOU4VKf8UvAtZgn0VuKT+G0wFlO3I=
github.com/lmittmann/tint v1.1.3/go.mod h1:HIS3gSy7qNwGCj+5oRjAutErFBl4BzdQP6cJZ0NfMwE=
github.com/lrstanley/clix/v2 v2.0.0 h1:By5ypCwwWwKjUdUGGs4nI+W1Oqt4Bz+aGDaqM7tryzQ=
github.com/lrstanley/clix/v2 v2.0.0/go.mod h1:QC/Dx4iZ0r3mlJk5S+7Bb6DmEem03ZRwMCy0h/DJFG0=
github.com/lrstanley/x/sync v0.0.0-20260430041455-3dc196cd51f1 h1:i8Zjbef2PY0nyYaDq+82zqAKRK4+w0TazKbpLZAEQt0=
github.com/lrstanley/x/sync v0.0.0-20260430041455-3dc196cd51f1/go.mod h1:q71F0fHcGckHKcLWPLgD/monxNSFE+2bRJcMAiq7fGM=
